
Microsoft Visual Studio Solution File, Format Version 12.00
# Visual Studio 15
VisualStudioVersion = 15.0.26124.0
MinimumVisualStudioVersion = 15.0.26124.0
Project("{FAE04EC0-301F-11D3-BF4B-00C04F79EFBC}") = "Banco", "Banco\Banco.csproj", "{93F96919-2407-4F9B-855D-839EBC03B17E}"
EndProject
Project("{FAE04EC0-301F-11D3-BF4B-00C04F79EFBC}") = "BancoTest", "BancoTest\BancoTest.csproj", "{4B0B3B55-AD0F-4176-A338-209F4AFA60C9}"
EndProject
Global
	GlobalSection(SolutionConfigurationPlatforms) = preSolution
		Debug|Any CPU = Debug|Any CPU
		Debug|x64 = Debug|x64
		Debug|x86 = Debug|x86
		Release|Any CPU = Release|Any CPU
		Release|x64 = Release|x64
		Release|x86 = Release|x86
	EndGlobalSection
	GlobalSection(SolutionProperties) = preSolution
		HideSolutionNode = FALSE
	EndGlobalSection
	GlobalSection(ProjectConfigurationPlatforms) = postSolution
		{93F96919-2407-4F9B-855D-839EBC03B17E}.Debug|Any CPU.ActiveCfg = Debug|Any CPU
		{93F96919-2407-4F9B-855D-839EBC03B17E}.Debug|Any CPU.Build.0 = Debug|Any CPU
		{93F96919-2407-4F9B-855D-839EBC03B17E}.Debug|x64.ActiveCfg = Debug|Any CPU
		{93F96919-2407-4F9B-855D-839EBC03B17E}.Debug|x64.Build.0 = Debug|Any CPU
		{93F96919-2407-4F9B-855D-839EBC03B17E}.Debug|x86.ActiveCfg = Debug|Any CPU
		{93F96919-2407-4F9B-855D-839EBC03B17E}.Debug|x86.Build.0 = Debug|Any CPU
		{93F96919-2407-4F9B-855D-839EBC03B17E}.Release|Any CPU.ActiveCfg = Release|Any CPU
		{93F96919-2407-4F9B-855D-839EBC03B17E}.Release|Any CPU.Build.0 = Release|Any CPU
		{93F96919-2407-4F9B-855D-839EBC03B17E}.Release|x64.ActiveCfg = Release|Any CPU
		{93F96919-2407-4F9B-855D-839EBC03B17E}.Release|x64.Build.0 = Release|Any CPU
		{93F96919-2407-4F9B-855D-839EBC03B17E}.Release|x86.ActiveCfg = Release|Any CPU
		{93F96919-2407-4F9B-855D-839EBC03B17E}.Release|x86.Build.0 = Release|Any CPU
		{4B0B3B55-AD0F-4176-A338-209F4AFA60C9}.Debug|Any CPU.ActiveCfg = Debug|Any CPU
		{4B0B3B55-AD0F-4176-A338-209F4AFA60C9}.Debug|Any CPU.Build.0 = Debug|Any CPU
		{4B0B3B55-AD0F-4176-A338-209F4AFA60C9}.Debug|x64.ActiveCfg = Debug|Any CPU
		{4B0B3B55-AD0F-4176-A338-209F4AFA60C9}.Debug|x64.Build.0 = Debug|Any CPU
		{4B0B3B55-AD0F-4176-A338-209F4AFA60C9}.Debug|x86.ActiveCfg = Debug|Any CPU
		{4B0B3B55-AD0F-4176-A338-209F4AFA60C9}.Debug|x86.Build.0 = Debug|Any CPU
		{4B0B3B55-AD0F-4176-A338-209F4AFA60C9}.Release|Any CPU.ActiveCfg = Release|Any CPU
		{4B0B3B55-AD0F-4176-A338-209F4AFA60C9}.Release|Any CPU.Build.0 = Release|Any CPU
		{4B0B3B55-AD0F-4176-A338-209F4AFA60C9}.Release|x64.ActiveCfg = Release|Any CPU
		{4B0B3B55-AD0F-4176-A338-209F4AFA60C9}.Release|x64.Build.0 = Release|Any CPU
		{4B0B3B55-AD0F-4176-A338-209F4AFA60C9}.Release|x86.ActiveCfg = Release|Any CPU
		{4B0B3B55-AD0F-4176-A338-209F4AFA60C9}.Release|x86.Build.0 = Release|Any CPU
	EndGlobalSection
EndGlobal
